// !$*UTF8*$!
{
	archiveVersion = 1;
	classes = {
	};
	objectVersion = 52;
	objects = {

/* Begin PBXBuildFile section */
		A210D2072682693700F62E81 /* RSSFeedItem.swift in Sources */ = {isa = PBXBuildFile; fileRef = A210D2062682693700F62E81 /* RSSFeedItem.swift */; };
		A289C16526820ECF006E22DE /* AppDelegate.swift in Sources */ = {isa = PBXBuildFile; fileRef = A289C16426820ECF006E22DE /* AppDelegate.swift */; };
		A289C16726820ECF006E22DE /* SceneDelegate.swift in Sources */ = {isa = PBXBuildFile; fileRef = A289C16626820ECF006E22DE /* SceneDelegate.swift */; };
		A289C16926820ECF006E22DE /* NewsMainController.swift in Sources */ = {isa = PBXBuildFile; fileRef = A289C16826820ECF006E22DE /* NewsMainController.swift */; };
		A289C16C26820ECF006E22DE /* Main.storyboard in Resources */ = {isa = PBXBuildFile; fileRef = A289C16A26820ECF006E22DE /* Main.storyboard */; };
		A289C16F26820ECF006E22DE /* NewsApp.xcdatamodeld in Sources */ = {isa = PBXBuildFile; fileRef = A289C16D26820ECF006E22DE /* NewsApp.xcdatamodeld */; };
		A289C17126820ED0006E22DE /* Assets.xcassets in Resources */ = {isa = PBXBuildFile; fileRef = A289C17026820ED0006E22DE /* Assets.xcassets */; };
		A289C17426820ED0006E22DE /* LaunchScreen.storyboard in Resources */ = {isa = PBXBuildFile; fileRef = A289C17226820ED0006E22DE /* LaunchScreen.storyboard */; };
		A289C17D268212F9006E22DE /* FeedKit in Frameworks */ = {isa = PBXBuildFile; productRef = A289C17C268212F9006E22DE /* FeedKit */; };
		A2A767352682326100B7991D /* NewsManager.swift in Sources */ = {isa = PBXBuildFile; fileRef = A2A767342682326100B7991D /* NewsManager.swift */; };
		A2A767382682441D00B7991D /* DateExtension.swift in Sources */ = {isa = PBXBuildFile; fileRef = A2A767372682441D00B7991D /* DateExtension.swift */; };
		A2A7673A2682643D00B7991D /* Article.swift in Sources */ = {isa = PBXBuildFile; fileRef = A2A767392682643D00B7991D /* Article.swift */; };
/* End PBXBuildFile section */

/* Begin PBXFileReference section */
		A210D2062682693700F62E81 /* RSSFeedItem.swift */ = {isa = PBXFileReference; lastKnownFileType = sourcecode.swift; path = RSSFeedItem.swift; sourceTree = "<group>"; };
		A289C16126820ECF006E22DE /* NewsApp.app */ = {isa = PBXFileReference; explicitFileType = wrapper.application; includeInIndex = 0; path = NewsApp.app; sourceTree = BUILT_PRODUCTS_DIR; };
		A289C16426820ECF006E22DE /* AppDelegate.swift */ = {isa = PBXFileReference; lastKnownFileType = sourcecode.swift; path = AppDelegate.swift; sourceTree = "<group>"; };
		A289C16626820ECF006E22DE /* SceneDelegate.swift */ = {isa = PBXFileReference; lastKnownFileType = sourcecode.swift; path = SceneDelegate.swift; sourceTree = "<group>"; };
		A289C16826820ECF006E22DE /* NewsMainController.swift */ = {isa = PBXFileReference; lastKnownFileType = sourcecode.swift; path = NewsMainController.swift; sourceTree = "<group>"; };
		A289C16B26820ECF006E22DE /* Base */ = {isa = PBXFileReference; lastKnownFileType = file.storyboard; name = Base; path = Base.lproj/Main.storyboard; sourceTree = "<group>"; };
		A289C16E26820ECF006E22DE /* NewsApp.xcdatamodel */ = {isa = PBXFileReference; lastKnownFileType = wrapper.xcdatamodel; path = NewsApp.xcdatamodel; sourceTree = "<group>"; };
		A289C17026820ED0006E22DE /* Assets.xcassets */ = {isa = PBXFileReference; lastKnownFileType = folder.assetcatalog; path = Assets.xcassets; sourceTree = "<group>"; };
		A289C17326820ED0006E22DE /* Base */ = {isa = PBXFileReference; lastKnownFileType = file.storyboard; name = Base; path = Base.lproj/LaunchScreen.storyboard; sourceTree = "<group>"; };
		A289C17526820ED0006E22DE /* Info.plist */ = {isa = PBXFileReference; lastKnownFileType = text.plist.xml; path = Info.plist; sourceTree = "<group>"; };
		A2A767342682326100B7991D /* NewsManager.swift */ = {isa = PBXFileReference; lastKnownFileType = sourcecode.swift; path = NewsManager.swift; sourceTree = "<group>"; };
		A2A767372682441D00B7991D /* DateExtension.swift */ = {isa = PBXFileReference; lastKnownFileType = sourcecode.swift; path = DateExtension.swift; sourceTree = "<group>"; };
		A2A767392682643D00B7991D /* Article.swift */ = {isa = PBXFileReference; lastKnownFileType = sourcecode.swift; path = Article.swift; sourceTree = "<group>"; };
/* End PBXFileReference section */

/* Begin PBXFrameworksBuildPhase section */
		A289C15E26820ECF006E22DE /* Frameworks */ = {
			isa = PBXFrameworksBuildPhase;
			buildActionMask = 2147483647;
			files = (
				A289C17D268212F9006E22DE /* FeedKit in Frameworks */,
			);
			runOnlyForDeploymentPostprocessing = 0;
		};
/* End PBXFrameworksBuildPhase section */

/* Begin PBXGroup section */
		A210D208268275B800F62E81 /* Models */ = {
			isa = PBXGroup;
			children = (
				A2A767392682643D00B7991D /* Article.swift */,
			);
			path = Models;
			sourceTree = "<group>";
		};
		A289C15826820ECF006E22DE = {
			isa = PBXGroup;
			children = (
				A289C16326820ECF006E22DE /* NewsApp */,
				A289C16226820ECF006E22DE /* Products */,
			);
			sourceTree = "<group>";
		};
		A289C16226820ECF006E22DE /* Products */ = {
			isa = PBXGroup;
			children = (
				A289C16126820ECF006E22DE /* NewsApp.app */,
			);
			name = Products;
			sourceTree = "<group>";
		};
		A289C16326820ECF006E22DE /* NewsApp */ = {
			isa = PBXGroup;
			children = (
				A210D208268275B800F62E81 /* Models */,
				A2A767362682440800B7991D /* Extensions */,
				A289C16426820ECF006E22DE /* AppDelegate.swift */,
				A289C16626820ECF006E22DE /* SceneDelegate.swift */,
				A289C16826820ECF006E22DE /* NewsMainController.swift */,
				A289C16A26820ECF006E22DE /* Main.storyboard */,
				A289C17026820ED0006E22DE /* Assets.xcassets */,
				A289C17226820ED0006E22DE /* LaunchScreen.storyboard */,
				A289C17526820ED0006E22DE /* Info.plist */,
				A289C16D26820ECF006E22DE /* NewsApp.xcdatamodeld */,
				A2A767342682326100B7991D /* NewsManager.swift */,
			);
			path = NewsApp;
			sourceTree = "<group>";
		};
		A2A767362682440800B7991D /* Extensions */ = {
			isa = PBXGroup;
			children = (
				A2A767372682441D00B7991D /* DateExtension.swift */,
				A210D2062682693700F62E81 /* RSSFeedItem.swift */,
			);
			path = Extensions;
			sourceTree = "<group>";
		};
/* End PBXGroup section */

/* Begin PBXNativeTarget section */
		A289C16026820ECF006E22DE /* NewsApp */ = {
			isa = PBXNativeTarget;
			buildConfigurationList = A289C17826820ED0006E22DE /* Build configuration list for PBXNativeTarget "NewsApp" */;
			buildPhases = (
				A289C15D26820ECF006E22DE /* Sources */,
				A289C15E26820ECF006E22DE /* Frameworks */,
				A289C15F26820ECF006E22DE /* Resources */,
			);
			buildRules = (
			);
			dependencies = (
			);
			name = NewsApp;
			packageProductDependencies = (
				A289C17C268212F9006E22DE /* FeedKit */,
			);
			productName = NewsApp;
			productReference = A289C16126820ECF006E22DE /* NewsApp.app */;
			productType = "com.apple.product-type.application";
		};
/* End PBXNativeTarget section */

/* Begin PBXProject section */
		A289C15926820ECF006E22DE /* Project object */ = {
			isa = PBXProject;
			attributes = {
				LastSwiftUpdateCheck = 1250;
				LastUpgradeCheck = 1250;
				TargetAttributes = {
					A289C16026820ECF006E22DE = {
						CreatedOnToolsVersion = 12.5;
					};
				};
			};
			buildConfigurationList = A289C15C26820ECF006E22DE /* Build configuration list for PBXProject "NewsApp" */;
			compatibilityVersion = "Xcode 9.3";
			developmentRegion = en;
			hasScannedForEncodings = 0;
			knownRegions = (
				en,
				Base,
			);
			mainGroup = A289C15826820ECF006E22DE;
			packageReferences = (
				A289C17B268212F9006E22DE /* XCRemoteSwiftPackageReference "FeedKit" */,
			);
			productRefGroup = A289C16226820ECF006E22DE /* Products */;
			projectDirPath = "";
			projectRoot = "";
			targets = (
				A289C16026820ECF006E22DE /* NewsApp */,
			);
		};
/* End PBXProject section */

/* Begin PBXResourcesBuildPhase section */
		A289C15F26820ECF006E22DE /* Resources */ = {
			isa = PBXResourcesBuildPhase;
			buildActionMask = 2147483647;
			files = (
				A289C17426820ED0006E22DE /* LaunchScreen.storyboard in Resources */,
				A289C17126820ED0006E22DE /* Assets.xcassets in Resources */,
				A289C16C26820ECF006E22DE /* Main.storyboard in Resources */,
			);
			runOnlyForDeploymentPostprocessing = 0;
		};
/* End PBXResourcesBuildPhase section */

/* Begin PBXSourcesBuildPhase section */
		A289C15D26820ECF006E22DE /* Sources */ = {
			isa = PBXSourcesBuildPhase;
			buildActionMask = 2147483647;
			files = (
				A2A7673A2682643D00B7991D /* Article.swift in Sources */,
				A289C16926820ECF006E22DE /* NewsMainController.swift in Sources */,
				A2A767382682441D00B7991D /* DateExtension.swift in Sources */,
				A289C16526820ECF006E22DE /* AppDelegate.swift in Sources */,
				A2A767352682326100B7991D /* NewsManager.swift in Sources */,
				A289C16F26820ECF006E22DE /* NewsApp.xcdatamodeld in Sources */,
				A289C16726820ECF006E22DE /* SceneDelegate.swift in Sources */,
				A210D2072682693700F62E81 /* RSSFeedItem.swift in Sources */,
			);
			runOnlyForDeploymentPostprocessing = 0;
		};
/* End PBXSourcesBuildPhase section */

/* Begin PBXVariantGroup section */
		A289C16A26820ECF006E22DE /* Main.storyboard */ = {
			isa = PBXVariantGroup;
			children = (
				A289C16B26820ECF006E22DE /* Base */,
			);
			name = Main.storyboard;
			sourceTree = "<group>";
		};
		A289C17226820ED0006E22DE /* LaunchScreen.storyboard */ = {
			isa = PBXVariantGroup;
			children = (
				A289C17326820ED0006E22DE /* Base */,
			);
			name = LaunchScreen.storyboard;
			sourceTree = "<group>";
		};
/* End PBXVariantGroup section */

/* Begin XCBuildConfiguration section */
		A289C17626820ED0006E22DE /* Debug */ = {
			isa = XCBuildConfiguration;
			buildSettings = {
				ALWAYS_SEARCH_USER_PATHS = NO;
				CLANG_ANALYZER_NONNULL = YES;
				CLANG_ANALYZER_NUMBER_OBJECT_CONVERSION = YES_AGGRESSIVE;
				CLANG_CXX_LANGUAGE_STANDARD = "gnu++14";
				CLANG_CXX_LIBRARY = "libc++";
				CLANG_ENABLE_MODULES = YES;
				CLANG_ENABLE_OBJC_ARC = YES;
				CLANG_ENABLE_OBJC_WEAK = YES;
				CLANG_WARN_BLOCK_CAPTURE_AUTORELEASING = YES;
				CLANG_WARN_BOOL_CONVERSION = YES;
				CLANG_WARN_COMMA = YES;
				CLANG_WARN_CONSTANT_CONVERSION = YES;
				CLANG_WARN_DEPRECATED_OBJC_IMPLEMENTATIONS = YES;
				CLANG_WARN_DIRECT_OBJC_ISA_USAGE = YES_ERROR;
				CLANG_WARN_DOCUMENTATION_COMMENTS = YES;
				CLANG_WARN_EMPTY_BODY = YES;
				CLANG_WARN_ENUM_CONVERSION = YES;
				CLANG_WARN_INFINITE_RECURSION = YES;
				CLANG_WARN_INT_CONVERSION = YES;
				CLANG_WARN_NON_LITERAL_NULL_CONVERSION = YES;
				CLANG_WARN_OBJC_IMPLICIT_RETAIN_SELF = YES;
				CLANG_WARN_OBJC_LITERAL_CONVERSION = YES;
				CLANG_WARN_OBJC_ROOT_CLASS = YES_ERROR;
				CLANG_WARN_QUOTED_INCLUDE_IN_FRAMEWORK_HEADER = YES;
				CLANG_WARN_RANGE_LOOP_ANALYSIS = YES;
				CLANG_WARN_STRICT_PROTOTYPES = YES;
				CLANG_WARN_SUSPICIOUS_MOVE = YES;
				CLANG_WARN_UNGUARDED_AVAILABILITY = YES_AGGRESSIVE;
				CLANG_WARN_UNREACHABLE_CODE = YES;
				CLANG_WARN__DUPLICATE_METHOD_MATCH = YES;
				COPY_PHASE_STRIP = NO;
				DEBUG_INFORMATION_FORMAT = dwarf;
				ENABLE_STRICT_OBJC_MSGSEND = YES;
				ENABLE_TESTABILITY = YES;
				GCC_C_LANGUAGE_STANDARD = gnu11;
				GCC_DYNAMIC_NO_PIC = NO;
				GCC_NO_COMMON_BLOCKS = YES;
				GCC_OPTIMIZATION_LEVEL = 0;
				GCC_PREPROCESSOR_DEFINITIONS = (
					"DEBUG=1",
					"$(inherited)",
				);
				GCC_WARN_64_TO_32_BIT_CONVERSION = YES;
				GCC_WARN_ABOUT_RETURN_TYPE = YES_ERROR;
				GCC_WARN_UNDECLARED_SELECTOR = YES;
				GCC_WARN_UNINITIALIZED_AUTOS = YES_AGGRESSIVE;
				GCC_WARN_UNUSED_FUNCTION = YES;
				GCC_WARN_UNUSED_VARIABLE = YES;
				IPHONEOS_DEPLOYMENT_TARGET = 14.5;
				MTL_ENABLE_DEBUG_INFO = INCLUDE_SOURCE;
				MTL_FAST_MATH = YES;
				ONLY_ACTIVE_ARCH = YES;
				SDKROOT = iphoneos;
				SWIFT_ACTIVE_COMPILATION_CONDITIONS = DEBUG;
				SWIFT_OPTIMIZATION_LEVEL = "-Onone";
			};
			name = Debug;
		};
		A289C17726820ED0006E22DE /* Release */ = {
			isa = XCBuildConfiguration;
			buildSettings = {
				ALWAYS_SEARCH_USER_PATHS = NO;
				CLANG_ANALYZER_NONNULL = YES;
				CLANG_ANALYZER_NUMBER_OBJECT_CONVERSION = YES_AGGRESSIVE;
				CLANG_CXX_LANGUAGE_STANDARD = "gnu++14";
				CLANG_CXX_LIBRARY = "libc++";
				CLANG_ENABLE_MODULES = YES;
				CLANG_ENABLE_OBJC_ARC = YES;
				CLANG_ENABLE_OBJC_WEAK = YES;
				CLANG_WARN_BLOCK_CAPTURE_AUTORELEASING = YES;
				CLANG_WARN_BOOL_CONVERSION = YES;
				CLANG_WARN_COMMA = YES;
				CLANG_WARN_CONSTANT_CONVERSION = YES;
				CLANG_WARN_DEPRECATED_OBJC_IMPLEMENTATIONS = YES;
				CLANG_WARN_DIRECT_OBJC_ISA_USAGE = YES_ERROR;
				CLANG_WARN_DOCUMENTATION_COMMENTS = YES;
				CLANG_WARN_EMPTY_BODY = YES;
				CLANG_WARN_ENUM_CONVERSION = YES;
				CLANG_WARN_INFINITE_RECURSION = YES;
				CLANG_WARN_INT_CONVERSION = YES;
				CLANG_WARN_NON_LITERAL_NULL_CONVERSION = YES;
				CLANG_WARN_OBJC_IMPLICIT_RETAIN_SELF = YES;
				CLANG_WARN_OBJC_LITERAL_CONVERSION = YES;
				CLANG_WARN_OBJC_ROOT_CLASS = YES_ERROR;
				CLANG_WARN_QUOTED_INCLUDE_IN_FRAMEWORK_HEADER = YES;
				CLANG_WARN_RANGE_LOOP_ANALYSIS = YES;
				CLANG_WARN_STRICT_PROTOTYPES = YES;
				CLANG_WARN_SUSPICIOUS_MOVE = YES;
				CLANG_WARN_UNGUARDED_AVAILABILITY = YES_AGGRESSIVE;
				CLANG_WARN_UNREACHABLE_CODE = YES;
				CLANG_WARN__DUPLICATE_METHOD_MATCH = YES;
				COPY_PHASE_STRIP = NO;
				DEBUG_INFORMATION_FORMAT = "dwarf-with-dsym";
				ENABLE_NS_ASSERTIONS = NO;
				ENABLE_STRICT_OBJC_MSGSEND = YES;
				GCC_C_LANGUAGE_STANDARD = gnu11;
				GCC_NO_COMMON_BLOCKS = YES;
				GCC_WARN_64_TO_32_BIT_CONVERSION = YES;
				GCC_WARN_ABOUT_RETURN_TYPE = YES_ERROR;
				GCC_WARN_UNDECLARED_SELECTOR = YES;
				GCC_WARN_UNINITIALIZED_AUTOS = YES_AGGRESSIVE;
				GCC_WARN_UNUSED_FUNCTION = YES;
				GCC_WARN_UNUSED_VARIABLE = YES;
				IPHONEOS_DEPLOYMENT_TARGET = 14.5;
				MTL_ENABLE_DEBUG_INFO = NO;
				MTL_FAST_MATH = YES;
				SDKROOT = iphoneos;
				SWIFT_COMPILATION_MODE = wholemodule;
				SWIFT_OPTIMIZATION_LEVEL = "-O";
				VALIDATE_PRODUCT = YES;
			};
			name = Release;
		};
		A289C17926820ED0006E22DE /* Debug */ = {
			isa = XCBuildConfiguration;
			buildSettings = {
				ASSETCATALOG_COMPILER_APPICON_NAME = AppIcon;
				ASSETCATALOG_COMPILER_GLOBAL_ACCENT_COLOR_NAME = AccentColor;
				CODE_SIGN_STYLE = Automatic;
				DEVELOPMENT_TEAM = 4CV999C7WN;
				INFOPLIST_FILE = NewsApp/Info.plist;
				LD_RUNPATH_SEARCH_PATHS = (
					"$(inherited)",
					"@executable_path/Frameworks",
				);
				PRODUCT_BUNDLE_IDENTIFIER = IK.NewsApp;
				PRODUCT_NAME = "$(TARGET_NAME)";
				SWIFT_VERSION = 5.0;
				TARGETED_DEVICE_FAMILY = "1,2";
			};
			name = Debug;
		};
		A289C17A26820ED0006E22DE /* Release */ = {
			isa = XCBuildConfiguration;
			buildSettings = {
				ASSETCATALOG_COMPILER_APPICON_NAME = AppIcon;
				ASSETCATALOG_COMPILER_GLOBAL_ACCENT_COLOR_NAME = AccentColor;
				CODE_SIGN_STYLE = Automatic;
				DEVELOPMENT_TEAM = 4CV999C7WN;
				INFOPLIST_FILE = NewsApp/Info.plist;
				LD_RUNPATH_SEARCH_PATHS = (
					"$(inherited)",
					"@executable_path/Frameworks",
				);
				PRODUCT_BUNDLE_IDENTIFIER = IK.NewsApp;
				PRODUCT_NAME = "$(TARGET_NAME)";
				SWIFT_VERSION = 5.0;
				TARGETED_DEVICE_FAMILY = "1,2";
			};
			name = Release;
		};
/* End XCBuildConfiguration section */

/* Begin XCConfigurationList section */
		A289C15C26820ECF006E22DE /* Build configuration list for PBXProject "NewsApp" */ = {
			isa = XCConfigurationList;
			buildConfigurations = (
				A289C17626820ED0006E22DE /* Debug */,
				A289C17726820ED0006E22DE /* Release */,
			);
			defaultConfigurationIsVisible = 0;
			defaultConfigurationName = Release;
		};
		A289C17826820ED0006E22DE /* Build configuration list for PBXNativeTarget "NewsApp" */ = {
			isa = XCConfigurationList;
			buildConfigurations = (
				A289C17926820ED0006E22DE /* Debug */,
				A289C17A26820ED0006E22DE /* Release */,
			);
			defaultConfigurationIsVisible = 0;
			defaultConfigurationName = Release;
		};
/* End XCConfigurationList section */

/* Begin XCRemoteSwiftPackageReference section */
		A289C17B268212F9006E22DE /* XCRemoteSwiftPackageReference "FeedKit" */ = {
			isa = XCRemoteSwiftPackageReference;
			repositoryURL = "https://github.com/nmdias/FeedKit.git";
			requirement = {
				kind = upToNextMajorVersion;
				minimumVersion = 9.1.2;
			};
		};
/* End XCRemoteSwiftPackageReference section */

/* Begin XCSwiftPackageProductDependency section */
		A289C17C268212F9006E22DE /* FeedKit */ = {
			isa = XCSwiftPackageProductDependency;
			package = A289C17B268212F9006E22DE /* XCRemoteSwiftPackageReference "FeedKit" */;
			productName = FeedKit;
		};
/* End XCSwiftPackageProductDependency section */

/* Begin XCVersionGroup section */
		A289C16D26820ECF006E22DE /* NewsApp.xcdatamodeld */ = {
			isa = XCVersionGroup;
			children = (
				A289C16E26820ECF006E22DE /* NewsApp.xcdatamodel */,
			);
			currentVersion = A289C16E26820ECF006E22DE /* NewsApp.xcdatamodel */;
			path = NewsApp.xcdatamodeld;
			sourceTree = "<group>";
			versionGroupType = wrapper.xcdatamodel;
		};
/* End XCVersionGroup section */
	};
	rootObject = A289C15926820ECF006E22DE /* Project object */;
}
